
Microsoft Visual Studio Solution File, Format Version 12.00
# Visual Studio Version 17
VisualStudioVersion = 17.11.35222.181
MinimumVisualStudioVersion = 10.0.40219.1
Project("{FAE04EC0-301F-11D3-BF4B-00C04F79EFBC}") = "numberGuessingApp", "numberGuessingApp\numberGuessingApp.csproj", "{660C026D-2BC1-409E-903F-D62CEF9EE963}"
EndProject
Global
	GlobalSection(SolutionConfigurationPlatforms) = preSolution
		Debug|Any CPU = Debug|Any CPU
		Release|Any CPU = Release|Any CPU
	EndGlobalSection
	GlobalSection(ProjectConfigurationPlatforms) = postSolution
		{660C026D-2BC1-409E-903F-D62CEF9EE963}.Debug|Any CPU.ActiveCfg = Debug|Any CPU
		{660C026D-2BC1-409E-903F-D62CEF9EE963}.Debug|Any CPU.Build.0 = Debug|Any CPU
		{660C026D-2BC1-409E-903F-D62CEF9EE963}.Release|Any CPU.ActiveCfg = Release|Any CPU
		{660C026D-2BC1-409E-903F-D62CEF9EE963}.Release|Any CPU.Build.0 = Release|Any CPU
	EndGlobalSection
	GlobalSection(SolutionProperties) = preSolution
		HideSolutionNode = FALSE
	EndGlobalSection
	GlobalSection(ExtensibilityGlobals) = postSolution
		SolutionGuid = {F1BB787B-60DC-474E-9AEC-5DE1B99987CB}
	EndGlobalSection
EndGlobal
